// !$*UTF8*$!
{
	archiveVersion = 1;
	classes = {};
	objectVersion = 60;
	objects = {

/* Begin PBXBuildFile section */
		A10000000000000000000001 /* main.m in Sources */ = {isa = PBXBuildFile; fileRef = A10000000000000000000011 /* main.m */; };
		A10000000000000000000002 /* FarmingPWAUITests.swift in Sources */ = {isa = PBXBuildFile; fileRef = A10000000000000000000012 /* FarmingPWAUITests.swift */; };
/* End PBXBuildFile section */

/* Begin PBXContainerItemProxy section */
		A10000000000000000000020 /* PBXContainerItemProxy */ = {
			isa = PBXContainerItemProxy;
			containerPortal = A10000000000000000000030 /* Project object */;
			proxyType = 1;
			remoteGlobalIDString = A10000000000000000000040;
			remoteInfo = HarnessHost;
		};
/* End PBXContainerItemProxy section */

/* Begin PBXFileReference section */
		A10000000000000000000010 /* HarnessHost.app */ = {isa = PBXFileReference; explicitFileType = wrapper.application; includeInIndex = 0; path = HarnessHost.app; sourceTree = BUILT_PRODUCTS_DIR; };
		A10000000000000000000011 /* main.m */ = {isa = PBXFileReference; lastKnownFileType = sourcecode.c.objc; path = main.m; sourceTree = "<group>"; };
		A10000000000000000000012 /* FarmingPWAUITests.swift */ = {isa = PBXFileReference; lastKnownFileType = sourcecode.swift; path = FarmingPWAUITests.swift; sourceTree = "<group>"; };
		A10000000000000000000013 /* HarnessUITests.xctest */ = {isa = PBXFileReference; explicitFileType = wrapper.cfbundle; includeInIndex = 0; path = HarnessUITests.xctest; sourceTree = BUILT_PRODUCTS_DIR; };
/* End PBXFileReference section */

/* Begin PBXFrameworksBuildPhase section */
		A10000000000000000000050 /* Frameworks */ = {isa = PBXFrameworksBuildPhase; buildActionMask = 2147483647; files = (); runOnlyForDeploymentPostprocessing = 0; };
		A10000000000000000000051 /* Frameworks */ = {isa = PBXFrameworksBuildPhase; buildActionMask = 2147483647; files = (); runOnlyForDeploymentPostprocessing = 0; };
/* End PBXFrameworksBuildPhase section */

/* Begin PBXGroup section */
		A10000000000000000000060 = {
			isa = PBXGroup;
			children = (
				A10000000000000000000061 /* HarnessHost */,
				A10000000000000000000062 /* HarnessUITests */,
				A10000000000000000000063 /* Products */,
			);
			sourceTree = "<group>";
		};
		A10000000000000000000061 /* HarnessHost */ = {isa = PBXGroup; children = (A10000000000000000000011 /* main.m */,); path = HarnessHost; sourceTree = "<group>"; };
		A10000000000000000000062 /* HarnessUITests */ = {isa = PBXGroup; children = (A10000000000000000000012 /* FarmingPWAUITests.swift */,); path = HarnessUITests; sourceTree = "<group>"; };
		A10000000000000000000063 /* Products */ = {isa = PBXGroup; children = (A10000000000000000000010 /* HarnessHost.app */, A10000000000000000000013 /* HarnessUITests.xctest */,); name = Products; sourceTree = "<group>"; };
/* End PBXGroup section */

/* Begin PBXNativeTarget section */
		A10000000000000000000040 /* HarnessHost */ = {
			isa = PBXNativeTarget;
			buildConfigurationList = A10000000000000000000070 /* Build configuration list for HarnessHost */;
			buildPhases = (A10000000000000000000080 /* Sources */, A10000000000000000000050 /* Frameworks */, A10000000000000000000082 /* Resources */,);
			buildRules = ();
			dependencies = ();
			name = HarnessHost;
			productName = HarnessHost;
			productReference = A10000000000000000000010 /* HarnessHost.app */;
			productType = "com.apple.product-type.application";
		};
		A10000000000000000000041 /* HarnessUITests */ = {
			isa = PBXNativeTarget;
			buildConfigurationList = A10000000000000000000071 /* Build configuration list for HarnessUITests */;
			buildPhases = (A10000000000000000000081 /* Sources */, A10000000000000000000051 /* Frameworks */, A10000000000000000000083 /* Resources */,);
			buildRules = ();
			dependencies = (A10000000000000000000021 /* PBXTargetDependency */,);
			name = HarnessUITests;
			productName = HarnessUITests;
			productReference = A10000000000000000000013 /* HarnessUITests.xctest */;
			productType = "com.apple.product-type.bundle.ui-testing";
		};
/* End PBXNativeTarget section */

/* Begin PBXProject section */
		A10000000000000000000030 /* Project object */ = {
			isa = PBXProject;
			attributes = {
				BuildIndependentTargetsInParallel = 1;
				LastSwiftUpdateCheck = 1620;
				LastUpgradeCheck = 1620;
				TargetAttributes = {
					A10000000000000000000040 = {CreatedOnToolsVersion = 16.2;};
					A10000000000000000000041 = {CreatedOnToolsVersion = 16.2; TestTargetID = A10000000000000000000040;};
				};
			};
			buildConfigurationList = A10000000000000000000072 /* Build configuration list for Project */;
			compatibilityVersion = "Xcode 15.0";
			developmentRegion = en;
			hasScannedForEncodings = 0;
			knownRegions = (en, Base,);
			mainGroup = A10000000000000000000060;
			productRefGroup = A10000000000000000000063 /* Products */;
			projectDirPath = "";
			projectRoot = "";
			targets = (A10000000000000000000040 /* HarnessHost */, A10000000000000000000041 /* HarnessUITests */,);
		};
/* End PBXProject section */

/* Begin PBXResourcesBuildPhase section */
		A10000000000000000000082 /* Resources */ = {isa = PBXResourcesBuildPhase; buildActionMask = 2147483647; files = (); runOnlyForDeploymentPostprocessing = 0; };
		A10000000000000000000083 /* Resources */ = {isa = PBXResourcesBuildPhase; buildActionMask = 2147483647; files = (); runOnlyForDeploymentPostprocessing = 0; };
/* End PBXResourcesBuildPhase section */

/* Begin PBXSourcesBuildPhase section */
		A10000000000000000000080 /* Sources */ = {isa = PBXSourcesBuildPhase; buildActionMask = 2147483647; files = (A10000000000000000000001 /* main.m in Sources */,); runOnlyForDeploymentPostprocessing = 0; };
		A10000000000000000000081 /* Sources */ = {isa = PBXSourcesBuildPhase; buildActionMask = 2147483647; files = (A10000000000000000000002 /* FarmingPWAUITests.swift in Sources */,); runOnlyForDeploymentPostprocessing = 0; };
/* End PBXSourcesBuildPhase section */

/* Begin PBXTargetDependency section */
		A10000000000000000000021 /* PBXTargetDependency */ = {isa = PBXTargetDependency; target = A10000000000000000000040 /* HarnessHost */; targetProxy = A10000000000000000000020 /* PBXContainerItemProxy */; };
/* End PBXTargetDependency section */

/* Begin XCBuildConfiguration section */
		A10000000000000000000090 /* Project Debug */ = {isa = XCBuildConfiguration; buildSettings = {CLANG_ENABLE_MODULES = YES; IPHONEOS_DEPLOYMENT_TARGET = 18.0; SDKROOT = iphoneos;}; name = Debug;};
		A10000000000000000000091 /* Project Release */ = {isa = XCBuildConfiguration; buildSettings = {CLANG_ENABLE_MODULES = YES; IPHONEOS_DEPLOYMENT_TARGET = 18.0; SDKROOT = iphoneos;}; name = Release;};
		A10000000000000000000092 /* Host Debug */ = {isa = XCBuildConfiguration; buildSettings = {CODE_SIGN_STYLE = Automatic; GENERATE_INFOPLIST_FILE = YES; INFOPLIST_KEY_CFBundleDisplayName = "Farming iOS PWA Harness"; INFOPLIST_KEY_UILaunchScreen_Generation = YES; INFOPLIST_KEY_UIApplicationSceneManifest_Generation = YES; PRODUCT_BUNDLE_IDENTIFIER = com.farming.iospwa.harness; PRODUCT_NAME = "$(TARGET_NAME)"; TARGETED_DEVICE_FAMILY = 1;}; name = Debug;};
		A10000000000000000000093 /* Host Release */ = {isa = XCBuildConfiguration; buildSettings = {CODE_SIGN_STYLE = Automatic; GENERATE_INFOPLIST_FILE = YES; INFOPLIST_KEY_CFBundleDisplayName = "Farming iOS PWA Harness"; INFOPLIST_KEY_UILaunchScreen_Generation = YES; INFOPLIST_KEY_UIApplicationSceneManifest_Generation = YES; PRODUCT_BUNDLE_IDENTIFIER = com.farming.iospwa.harness; PRODUCT_NAME = "$(TARGET_NAME)"; TARGETED_DEVICE_FAMILY = 1;}; name = Release;};
		A10000000000000000000094 /* Tests Debug */ = {isa = XCBuildConfiguration; buildSettings = {CODE_SIGN_STYLE = Automatic; GENERATE_INFOPLIST_FILE = NO; INFOPLIST_FILE = HarnessUITests/Info.plist; PRODUCT_BUNDLE_IDENTIFIER = com.farming.iospwa.harness.uitests; PRODUCT_NAME = "$(TARGET_NAME)"; SWIFT_VERSION = 5.0; TARGETED_DEVICE_FAMILY = 1; TEST_TARGET_NAME = HarnessHost;}; name = Debug;};
		A10000000000000000000095 /* Tests Release */ = {isa = XCBuildConfiguration; buildSettings = {CODE_SIGN_STYLE = Automatic; GENERATE_INFOPLIST_FILE = NO; INFOPLIST_FILE = HarnessUITests/Info.plist; PRODUCT_BUNDLE_IDENTIFIER = com.farming.iospwa.harness.uitests; PRODUCT_NAME = "$(TARGET_NAME)"; SWIFT_VERSION = 5.0; TARGETED_DEVICE_FAMILY = 1; TEST_TARGET_NAME = HarnessHost;}; name = Release;};
/* End XCBuildConfiguration section */

/* Begin XCConfigurationList section */
		A10000000000000000000070 /* Build configuration list for HarnessHost */ = {isa = XCConfigurationList; buildConfigurations = (A10000000000000000000092, A10000000000000000000093,); defaultConfigurationIsVisible = 0; defaultConfigurationName = Release;};
		A10000000000000000000071 /* Build configuration list for HarnessUITests */ = {isa = XCConfigurationList; buildConfigurations = (A10000000000000000000094, A10000000000000000000095,); defaultConfigurationIsVisible = 0; defaultConfigurationName = Release;};
		A10000000000000000000072 /* Build configuration list for Project */ = {isa = XCConfigurationList; buildConfigurations = (A10000000000000000000090, A10000000000000000000091,); defaultConfigurationIsVisible = 0; defaultConfigurationName = Release;};
/* End XCConfigurationList section */
	};
	rootObject = A10000000000000000000030 /* Project object */;
}
